
Microsoft Visual Studio Solution File, Format Version 12.00
# Visual Studio Version 16
VisualStudioVersion = 16.0.32002.261
MinimumVisualStudioVersion = 10.0.40219.1
Project("{FAE04EC0-301F-11D3-BF4B-00C04F79EFBC}") = "TestWinForm", "TestWinForm.csproj", "{4F0C02FD-36E1-422F-B311-829A3273836A}"
EndProject
Global
	GlobalSection(SolutionConfigurationPlatforms) = preSolution
		Debug|Any CPU = Debug|Any CPU
		Release|Any CPU = Release|Any CPU
	EndGlobalSection
	GlobalSection(ProjectConfigurationPlatforms) = postSolution
		{4F0C02FD-36E1-422F-B311-829A3273836A}.Debug|Any CPU.ActiveCfg = Debug|Any CPU
		{4F0C02FD-36E1-422F-B311-829A3273836A}.Debug|Any CPU.Build.0 = Debug|Any CPU
		{4F0C02FD-36E1-422F-B311-829A3273836A}.Release|Any CPU.ActiveCfg = Release|Any CPU
		{4F0C02FD-36E1-422F-B311-829A3273836A}.Release|Any CPU.Build.0 = Release|Any CPU
	EndGlobalSection
	GlobalSection(SolutionProperties) = preSolution
		HideSolutionNode = FALSE
	EndGlobalSection
	GlobalSection(ExtensibilityGlobals) = postSolution
		SolutionGuid = {AF8D89DE-A321-4AA0-B1E6-106D4935592B}
	EndGlobalSection
EndGlobal
